
Microsoft Visual Studio Solution File, Format Version 12.00
# Visual Studio Version 17
VisualStudioVersion = 17.11.35327.3
MinimumVisualStudioVersion = 10.0.40219.1
Project("{9A19103F-16F7-4668-BE54-9A1E7A4F7556}") = "KS.UI", "KS.UI\KS.UI.csproj", "{4B6FA6A6-1202-49E4-B4E5-A19B3FDE25E3}"
EndProject
Project("{9A19103F-16F7-4668-BE54-9A1E7A4F7556}") = "KS.API", "KS.API\KS.API.csproj", "{7A615EBF-01EB-4B1B-BFD1-6BC9EAF5ECC1}"
EndProject
Project("{9A19103F-16F7-4668-BE54-9A1E7A4F7556}") = "KS.Domain", "KS.Domain\KS.Domain.csproj", "{FDC9A90B-6165-4252-87E0-CB0565DCAD94}"
EndProject
Project("{9A19103F-16F7-4668-BE54-9A1E7A4F7556}") = "KS.Application", "KS.Application\KS.Application.csproj", "{52D4638B-5FED-46F0-9765-0BACFB48D015}"
EndProject
Project("{9A19103F-16F7-4668-BE54-9A1E7A4F7556}") = "KS.Infrastructure", "KS.Infrastructure\KS.Infrastructure.csproj", "{B06562AE-03B4-43F3-8CE2-616832C7AF7D}"
EndProject
Project("{2150E333-8FDC-42A3-9474-1A3956D46DE8}") = "src", "src", "{F3F92B36-1C22-46C5-BCAC-A7038130D945}"
EndProject
Project("{2150E333-8FDC-42A3-9474-1A3956D46DE8}") = "tests", "tests", "{DAA4073F-91E4-4612-BFB2-F3EF295CF394}"
EndProject
Global
	GlobalSection(SolutionConfigurationPlatforms) = preSolution
		Debug|Any CPU = Debug|Any CPU
		Release|Any CPU = Release|Any CPU
	EndGlobalSection
	GlobalSection(ProjectConfigurationPlatforms) = postSolution
		{4B6FA6A6-1202-49E4-B4E5-A19B3FDE25E3}.Debug|Any CPU.ActiveCfg = Debug|Any CPU
		{4B6FA6A6-1202-49E4-B4E5-A19B3FDE25E3}.Debug|Any CPU.Build.0 = Debug|Any CPU
		{4B6FA6A6-1202-49E4-B4E5-A19B3FDE25E3}.Release|Any CPU.ActiveCfg = Release|Any CPU
		{4B6FA6A6-1202-49E4-B4E5-A19B3FDE25E3}.Release|Any CPU.Build.0 = Release|Any CPU
		{7A615EBF-01EB-4B1B-BFD1-6BC9EAF5ECC1}.Debug|Any CPU.ActiveCfg = Debug|Any CPU
		{7A615EBF-01EB-4B1B-BFD1-6BC9EAF5ECC1}.Debug|Any CPU.Build.0 = Debug|Any CPU
		{7A615EBF-01EB-4B1B-BFD1-6BC9EAF5ECC1}.Release|Any CPU.ActiveCfg = Release|Any CPU
		{7A615EBF-01EB-4B1B-BFD1-6BC9EAF5ECC1}.Release|Any CPU.Build.0 = Release|Any CPU
		{FDC9A90B-6165-4252-87E0-CB0565DCAD94}.Debug|Any CPU.ActiveCfg = Debug|Any CPU
		{FDC9A90B-6165-4252-87E0-CB0565DCAD94}.Debug|Any CPU.Build.0 = Debug|Any CPU
		{FDC9A90B-6165-4252-87E0-CB0565DCAD94}.Release|Any CPU.ActiveCfg = Release|Any CPU
		{FDC9A90B-6165-4252-87E0-CB0565DCAD94}.Release|Any CPU.Build.0 = Release|Any CPU
		{52D4638B-5FED-46F0-9765-0BACFB48D015}.Debug|Any CPU.ActiveCfg = Debug|Any CPU
		{52D4638B-5FED-46F0-9765-0BACFB48D015}.Debug|Any CPU.Build.0 = Debug|Any CPU
		{52D4638B-5FED-46F0-9765-0BACFB48D015}.Release|Any CPU.ActiveCfg = Release|Any CPU
		{52D4638B-5FED-46F0-9765-0BACFB48D015}.Release|Any CPU.Build.0 = Release|Any CPU
		{B06562AE-03B4-43F3-8CE2-616832C7AF7D}.Debug|Any CPU.ActiveCfg = Debug|Any CPU
		{B06562AE-03B4-43F3-8CE2-616832C7AF7D}.Debug|Any CPU.Build.0 = Debug|Any CPU
		{B06562AE-03B4-43F3-8CE2-616832C7AF7D}.Release|Any CPU.ActiveCfg = Release|Any CPU
		{B06562AE-03B4-43F3-8CE2-616832C7AF7D}.Release|Any CPU.Build.0 = Release|Any CPU
	EndGlobalSection
	GlobalSection(SolutionProperties) = preSolution
		HideSolutionNode = FALSE
	EndGlobalSection
	GlobalSection(NestedProjects) = preSolution
		{4B6FA6A6-1202-49E4-B4E5-A19B3FDE25E3} = {F3F92B36-1C22-46C5-BCAC-A7038130D945}
		{7A615EBF-01EB-4B1B-BFD1-6BC9EAF5ECC1} = {F3F92B36-1C22-46C5-BCAC-A7038130D945}
		{FDC9A90B-6165-4252-87E0-CB0565DCAD94} = {F3F92B36-1C22-46C5-BCAC-A7038130D945}
		{52D4638B-5FED-46F0-9765-0BACFB48D015} = {F3F92B36-1C22-46C5-BCAC-A7038130D945}
		{B06562AE-03B4-43F3-8CE2-616832C7AF7D} = {F3F92B36-1C22-46C5-BCAC-A7038130D945}
	EndGlobalSection
	GlobalSection(ExtensibilityGlobals) = postSolution
		SolutionGuid = {CCB55346-5732-4E4F-BEFB-C33CBFCFAFD8}
	EndGlobalSection
EndGlobal
